
Microsoft Visual Studio Solution File, Format Version 12.00
# Visual Studio Version 17
VisualStudioVersion = 17.0.31903.59
MinimumVisualStudioVersion = 10.0.40219.1
Project("{FAE04EC0-301F-11D3-BF4B-00C04F79EFBC}") = "MinimumRotatedSortedArray", "MinimumRotatedSortedArray\MinimumRotatedSortedArray.csproj", "{6A0F73E9-8F92-46E6-B9AE-AD29E7FF958C}"
EndProject
Project("{FAE04EC0-301F-11D3-BF4B-00C04F79EFBC}") = "MinimumRotatedSortedArray.Tests", "MinimumRotatedSortedArray.Tests\MinimumRotatedSortedArray.Tests.csproj", "{A75932E5-9C88-4504-B703-C0CB082C5AAE}"
EndProject
Global
	GlobalSection(SolutionConfigurationPlatforms) = preSolution
		Debug|Any CPU = Debug|Any CPU
		Release|Any CPU = Release|Any CPU
	EndGlobalSection
	GlobalSection(SolutionProperties) = preSolution
		HideSolutionNode = FALSE
	EndGlobalSection
	GlobalSection(ProjectConfigurationPlatforms) = postSolution
		{6A0F73E9-8F92-46E6-B9AE-AD29E7FF958C}.Debug|Any CPU.ActiveCfg = Debug|Any CPU
		{6A0F73E9-8F92-46E6-B9AE-AD29E7FF958C}.Debug|Any CPU.Build.0 = Debug|Any CPU
		{6A0F73E9-8F92-46E6-B9AE-AD29E7FF958C}.Release|Any CPU.ActiveCfg = Release|Any CPU
		{6A0F73E9-8F92-46E6-B9AE-AD29E7FF958C}.Release|Any CPU.Build.0 = Release|Any CPU
		{A75932E5-9C88-4504-B703-C0CB082C5AAE}.Debug|Any CPU.ActiveCfg = Debug|Any CPU
		{A75932E5-9C88-4504-B703-C0CB082C5AAE}.Debug|Any CPU.Build.0 = Debug|Any CPU
		{A75932E5-9C88-4504-B703-C0CB082C5AAE}.Release|Any CPU.ActiveCfg = Release|Any CPU
		{A75932E5-9C88-4504-B703-C0CB082C5AAE}.Release|Any CPU.Build.0 = Release|Any CPU
	EndGlobalSection
EndGlobal
