
Microsoft Visual Studio Solution File, Format Version 12.00
# Visual Studio Version 17
VisualStudioVersion = 17.0.31903.59
MinimumVisualStudioVersion = 10.0.40219.1
Project("{FAE04EC0-301F-11D3-BF4B-00C04F79EFBC}") = "BowlingGame", "BowlingGame\BowlingGame.csproj", "{BF9D86B5-9716-4DE0-B88E-5E6206C10E21}"
EndProject
Project("{FAE04EC0-301F-11D3-BF4B-00C04F79EFBC}") = "BowlingGame.Tests", "BowlingGame.Tests\BowlingGame.Tests.csproj", "{3E3827C5-EB82-4512-B1F0-588967938F19}"
EndProject
Global
	GlobalSection(SolutionConfigurationPlatforms) = preSolution
		Debug|Any CPU = Debug|Any CPU
		Release|Any CPU = Release|Any CPU
	EndGlobalSection
	GlobalSection(SolutionProperties) = preSolution
		HideSolutionNode = FALSE
	EndGlobalSection
	GlobalSection(ProjectConfigurationPlatforms) = postSolution
		{BF9D86B5-9716-4DE0-B88E-5E6206C10E21}.Debug|Any CPU.ActiveCfg = Debug|Any CPU
		{BF9D86B5-9716-4DE0-B88E-5E6206C10E21}.Debug|Any CPU.Build.0 = Debug|Any CPU
		{BF9D86B5-9716-4DE0-B88E-5E6206C10E21}.Release|Any CPU.ActiveCfg = Release|Any CPU
		{BF9D86B5-9716-4DE0-B88E-5E6206C10E21}.Release|Any CPU.Build.0 = Release|Any CPU
		{3E3827C5-EB82-4512-B1F0-588967938F19}.Debug|Any CPU.ActiveCfg = Debug|Any CPU
		{3E3827C5-EB82-4512-B1F0-588967938F19}.Debug|Any CPU.Build.0 = Debug|Any CPU
		{3E3827C5-EB82-4512-B1F0-588967938F19}.Release|Any CPU.ActiveCfg = Release|Any CPU
		{3E3827C5-EB82-4512-B1F0-588967938F19}.Release|Any CPU.Build.0 = Release|Any CPU
	EndGlobalSection
EndGlobal
